
Microsoft Visual Studio Solution File, Format Version 12.00
# Visual Studio 15
VisualStudioVersion = 15.0.27004.2008
MinimumVisualStudioVersion = 10.0.40219.1
Project("{2150E333-8FDC-42A3-9474-1A3956D46DE8}") = "1 - Presentation", "1 - Presentation", "{7D262001-7096-4966-A7CD-66078E922F62}"
EndProject
Project("{2150E333-8FDC-42A3-9474-1A3956D46DE8}") = "ControleAcesso", "ControleAcesso", "{931F9158-353D-4428-A06B-7A432359F8BE}"
EndProject
Project("{2150E333-8FDC-42A3-9474-1A3956D46DE8}") = "CQRS", "CQRS", "{10844996-B2B2-4CE3-8DD1-54C03BB92F22}"
EndProject
Project("{2150E333-8FDC-42A3-9474-1A3956D46DE8}") = "Estoque", "Estoque", "{22952495-A5F5-4BD8-9941-202F6A454F1D}"
EndProject
Project("{2150E333-8FDC-42A3-9474-1A3956D46DE8}") = "Core - Vendas", "Core - Vendas", "{BBD16CB6-A8DA-400F-9BD7-506B6FE54F93}"
EndProject
Project("{2150E333-8FDC-42A3-9474-1A3956D46DE8}") = "SharedKernel", "SharedKernel", "{728F28EB-F323-4AC2-9240-C56C7C6AB38F}"
EndProject
Project("{9A19103F-16F7-4668-BE54-9A1E7A4F7556}") = "BoundedContext.ControleAcesso", "ControleAcesso\BoundedContext.ControleAcesso\BoundedContext.ControleAcesso.csproj", "{DF9773C4-5859-4F0C-9581-7814A2BB1206}"
EndProject
Project("{9A19103F-16F7-4668-BE54-9A1E7A4F7556}") = "BoundedContext.Estoque", "Estoque\BoundedContext.Estoque\BoundedContext.Estoque.csproj", "{B70B4ADC-458F-4E1C-83D9-8DACBDB5789C}"
EndProject
Project("{9A19103F-16F7-4668-BE54-9A1E7A4F7556}") = "BoundedContext.Presentation", "UI\BoundedContext.Presentation\BoundedContext.Presentation.csproj", "{9F74B489-0002-4DF0-8227-7DE948197053}"
EndProject
Project("{9A19103F-16F7-4668-BE54-9A1E7A4F7556}") = "BoundedContext.Vendas.Domain", "Vendas\BoundedContext.Vendas\BoundedContext.Vendas.Domain.csproj", "{7A79A194-508D-4176-B940-D2D5A1397503}"
EndProject
Project("{9A19103F-16F7-4668-BE54-9A1E7A4F7556}") = "BoundedContext.CQRS", "CQRS\BoundedContext.CQRS\BoundedContext.CQRS.csproj", "{07FEA799-752B-4A39-9490-D3A7310D019A}"
EndProject
Project("{9A19103F-16F7-4668-BE54-9A1E7A4F7556}") = "BoundedContext.Common", "NucleoCompartilhado\BoundedContext.NucleoCompartilhado\BoundedContext.Common.csproj", "{2B0718DC-CE69-4CE0-9BE4-B4BD3836CF14}"
EndProject
Project("{9A19103F-16F7-4668-BE54-9A1E7A4F7556}") = "BoundedContext.ControleAcesso.Teste", "BoundedContext.ControleAcesso.Teste\BoundedContext.ControleAcesso.Teste.csproj", "{04E70BC8-CEDF-4AEB-A805-5362D23B4360}"
EndProject
Project("{FAE04EC0-301F-11D3-BF4B-00C04F79EFBC}") = "BoundedContext.Vendas.API", "BoundedContext.Vendas.API\BoundedContext.Vendas.API.csproj", "{D12D0A97-4220-401C-BC2A-5FFE8DA9B53C}"
EndProject
Project("{2150E333-8FDC-42A3-9474-1A3956D46DE8}") = "3 - Application", "3 - Application", "{BFEC6215-5994-4B25-A94A-BB08F874FF08}"
EndProject
Project("{2150E333-8FDC-42A3-9474-1A3956D46DE8}") = "5 - Infrastructure", "5 - Infrastructure", "{77D5E575-F8B2-4E31-9F13-44E4CE36D6FE}"
EndProject
Project("{2150E333-8FDC-42A3-9474-1A3956D46DE8}") = "4 - Domain", "4 - Domain", "{00584375-AEB5-446A-9001-1ACF602B57DD}"
EndProject
Project("{2150E333-8FDC-42A3-9474-1A3956D46DE8}") = "2 - API", "2 - API", "{B862476D-3C67-4053-AC49-23F71BEFED70}"
EndProject
Project("{FAE04EC0-301F-11D3-BF4B-00C04F79EFBC}") = "BoundedContext.Vendas.Application", "BoundedContext.Vendas.Application\BoundedContext.Vendas.Application.csproj", "{A3BF6696-AB67-495A-9264-9096B9ED0D24}"
EndProject
Project("{FAE04EC0-301F-11D3-BF4B-00C04F79EFBC}") = "BoundedContext.Vendas.Infrastructure.Data", "BoundedContext.Vendas.Infrastructure\BoundedContext.Vendas.Infrastructure.Data.csproj", "{436C4182-780A-4A4B-93CC-51ED34564534}"
EndProject
Project("{FAE04EC0-301F-11D3-BF4B-00C04F79EFBC}") = "BoundedContext.Vendas.Infrastructure.CrossCutting", "BoundedContext.Vendas.Infrastructure.CrossCutting\BoundedContext.Vendas.Infrastructure.CrossCutting.csproj", "{61E18191-170A-469C-9BAD-D03781C0DB4E}"
EndProject
Project("{2150E333-8FDC-42A3-9474-1A3956D46DE8}") = "6 - Test", "6 - Test", "{56E5A448-8345-4CD3-90D9-2293D908D524}"
EndProject
Project("{FAE04EC0-301F-11D3-BF4B-00C04F79EFBC}") = "BoundedContext.Vendas.Test", "BoundedContext.Vendas.Test\BoundedContext.Vendas.Test.csproj", "{0B836958-EE66-41C2-B9C8-D39625FB0DC0}"
EndProject
Global
	GlobalSection(SolutionConfigurationPlatforms) = preSolution
		Debug|Any CPU = Debug|Any CPU
		Release|Any CPU = Release|Any CPU
	EndGlobalSection
	GlobalSection(ProjectConfigurationPlatforms) = postSolution
		{DF9773C4-5859-4F0C-9581-7814A2BB1206}.Debug|Any CPU.ActiveCfg = Debug|Any CPU
		{DF9773C4-5859-4F0C-9581-7814A2BB1206}.Debug|Any CPU.Build.0 = Debug|Any CPU
		{DF9773C4-5859-4F0C-9581-7814A2BB1206}.Release|Any CPU.ActiveCfg = Release|Any CPU
		{DF9773C4-5859-4F0C-9581-7814A2BB1206}.Release|Any CPU.Build.0 = Release|Any CPU
		{B70B4ADC-458F-4E1C-83D9-8DACBDB5789C}.Debug|Any CPU.ActiveCfg = Debug|Any CPU
		{B70B4ADC-458F-4E1C-83D9-8DACBDB5789C}.Debug|Any CPU.Build.0 = Debug|Any CPU
		{B70B4ADC-458F-4E1C-83D9-8DACBDB5789C}.Release|Any CPU.ActiveCfg = Release|Any CPU
		{B70B4ADC-458F-4E1C-83D9-8DACBDB5789C}.Release|Any CPU.Build.0 = Release|Any CPU
		{9F74B489-0002-4DF0-8227-7DE948197053}.Debug|Any CPU.ActiveCfg = Debug|Any CPU
		{9F74B489-0002-4DF0-8227-7DE948197053}.Debug|Any CPU.Build.0 = Debug|Any CPU
		{9F74B489-0002-4DF0-8227-7DE948197053}.Release|Any CPU.ActiveCfg = Release|Any CPU
		{9F74B489-0002-4DF0-8227-7DE948197053}.Release|Any CPU.Build.0 = Release|Any CPU
		{7A79A194-508D-4176-B940-D2D5A1397503}.Debug|Any CPU.ActiveCfg = Debug|Any CPU
		{7A79A194-508D-4176-B940-D2D5A1397503}.Debug|Any CPU.Build.0 = Debug|Any CPU
		{7A79A194-508D-4176-B940-D2D5A1397503}.Release|Any CPU.ActiveCfg = Release|Any CPU
		{7A79A194-508D-4176-B940-D2D5A1397503}.Release|Any CPU.Build.0 = Release|Any CPU
		{07FEA799-752B-4A39-9490-D3A7310D019A}.Debug|Any CPU.ActiveCfg = Debug|Any CPU
		{07FEA799-752B-4A39-9490-D3A7310D019A}.Debug|Any CPU.Build.0 = Debug|Any CPU
		{07FEA799-752B-4A39-9490-D3A7310D019A}.Release|Any CPU.ActiveCfg = Release|Any CPU
		{07FEA799-752B-4A39-9490-D3A7310D019A}.Release|Any CPU.Build.0 = Release|Any CPU
		{2B0718DC-CE69-4CE0-9BE4-B4BD3836CF14}.Debug|Any CPU.ActiveCfg = Debug|Any CPU
		{2B0718DC-CE69-4CE0-9BE4-B4BD3836CF14}.Debug|Any CPU.Build.0 = Debug|Any CPU
		{2B0718DC-CE69-4CE0-9BE4-B4BD3836CF14}.Release|Any CPU.ActiveCfg = Release|Any CPU
		{2B0718DC-CE69-4CE0-9BE4-B4BD3836CF14}.Release|Any CPU.Build.0 = Release|Any CPU
		{04E70BC8-CEDF-4AEB-A805-5362D23B4360}.Debug|Any CPU.ActiveCfg = Debug|Any CPU
		{04E70BC8-CEDF-4AEB-A805-5362D23B4360}.Debug|Any CPU.Build.0 = Debug|Any CPU
		{04E70BC8-CEDF-4AEB-A805-5362D23B4360}.Release|Any CPU.ActiveCfg = Release|Any CPU
		{04E70BC8-CEDF-4AEB-A805-5362D23B4360}.Release|Any CPU.Build.0 = Release|Any CPU
		{D12D0A97-4220-401C-BC2A-5FFE8DA9B53C}.Debug|Any CPU.ActiveCfg = Debug|Any CPU
		{D12D0A97-4220-401C-BC2A-5FFE8DA9B53C}.Debug|Any CPU.Build.0 = Debug|Any CPU
		{D12D0A97-4220-401C-BC2A-5FFE8DA9B53C}.Release|Any CPU.ActiveCfg = Release|Any CPU
		{D12D0A97-4220-401C-BC2A-5FFE8DA9B53C}.Release|Any CPU.Build.0 = Release|Any CPU
		{A3BF6696-AB67-495A-9264-9096B9ED0D24}.Debug|Any CPU.ActiveCfg = Debug|Any CPU
		{A3BF6696-AB67-495A-9264-9096B9ED0D24}.Debug|Any CPU.Build.0 = Debug|Any CPU
		{A3BF6696-AB67-495A-9264-9096B9ED0D24}.Release|Any CPU.ActiveCfg = Release|Any CPU
		{A3BF6696-AB67-495A-9264-9096B9ED0D24}.Release|Any CPU.Build.0 = Release|Any CPU
		{436C4182-780A-4A4B-93CC-51ED34564534}.Debug|Any CPU.ActiveCfg = Debug|Any CPU
		{436C4182-780A-4A4B-93CC-51ED34564534}.Debug|Any CPU.Build.0 = Debug|Any CPU
		{436C4182-780A-4A4B-93CC-51ED34564534}.Release|Any CPU.ActiveCfg = Release|Any CPU
		{436C4182-780A-4A4B-93CC-51ED34564534}.Release|Any CPU.Build.0 = Release|Any CPU
		{61E18191-170A-469C-9BAD-D03781C0DB4E}.Debug|Any CPU.ActiveCfg = Debug|Any CPU
		{61E18191-170A-469C-9BAD-D03781C0DB4E}.Debug|Any CPU.Build.0 = Debug|Any CPU
		{61E18191-170A-469C-9BAD-D03781C0DB4E}.Release|Any CPU.ActiveCfg = Release|Any CPU
		{61E18191-170A-469C-9BAD-D03781C0DB4E}.Release|Any CPU.Build.0 = Release|Any CPU
		{0B836958-EE66-41C2-B9C8-D39625FB0DC0}.Debug|Any CPU.ActiveCfg = Debug|Any CPU
		{0B836958-EE66-41C2-B9C8-D39625FB0DC0}.Debug|Any CPU.Build.0 = Debug|Any CPU
		{0B836958-EE66-41C2-B9C8-D39625FB0DC0}.Release|Any CPU.ActiveCfg = Release|Any CPU
		{0B836958-EE66-41C2-B9C8-D39625FB0DC0}.Release|Any CPU.Build.0 = Release|Any CPU
	EndGlobalSection
	GlobalSection(SolutionProperties) = preSolution
		HideSolutionNode = FALSE
	EndGlobalSection
	GlobalSection(NestedProjects) = preSolution
		{7D262001-7096-4966-A7CD-66078E922F62} = {BBD16CB6-A8DA-400F-9BD7-506B6FE54F93}
		{DF9773C4-5859-4F0C-9581-7814A2BB1206} = {931F9158-353D-4428-A06B-7A432359F8BE}
		{B70B4ADC-458F-4E1C-83D9-8DACBDB5789C} = {22952495-A5F5-4BD8-9941-202F6A454F1D}
		{9F74B489-0002-4DF0-8227-7DE948197053} = {7D262001-7096-4966-A7CD-66078E922F62}
		{7A79A194-508D-4176-B940-D2D5A1397503} = {00584375-AEB5-446A-9001-1ACF602B57DD}
		{07FEA799-752B-4A39-9490-D3A7310D019A} = {10844996-B2B2-4CE3-8DD1-54C03BB92F22}
		{2B0718DC-CE69-4CE0-9BE4-B4BD3836CF14} = {728F28EB-F323-4AC2-9240-C56C7C6AB38F}
		{04E70BC8-CEDF-4AEB-A805-5362D23B4360} = {931F9158-353D-4428-A06B-7A432359F8BE}
		{D12D0A97-4220-401C-BC2A-5FFE8DA9B53C} = {B862476D-3C67-4053-AC49-23F71BEFED70}
		{BFEC6215-5994-4B25-A94A-BB08F874FF08} = {BBD16CB6-A8DA-400F-9BD7-506B6FE54F93}
		{77D5E575-F8B2-4E31-9F13-44E4CE36D6FE} = {BBD16CB6-A8DA-400F-9BD7-506B6FE54F93}
		{00584375-AEB5-446A-9001-1ACF602B57DD} = {BBD16CB6-A8DA-400F-9BD7-506B6FE54F93}
		{B862476D-3C67-4053-AC49-23F71BEFED70} = {BBD16CB6-A8DA-400F-9BD7-506B6FE54F93}
		{A3BF6696-AB67-495A-9264-9096B9ED0D24} = {BFEC6215-5994-4B25-A94A-BB08F874FF08}
		{436C4182-780A-4A4B-93CC-51ED34564534} = {77D5E575-F8B2-4E31-9F13-44E4CE36D6FE}
		{61E18191-170A-469C-9BAD-D03781C0DB4E} = {77D5E575-F8B2-4E31-9F13-44E4CE36D6FE}
		{56E5A448-8345-4CD3-90D9-2293D908D524} = {BBD16CB6-A8DA-400F-9BD7-506B6FE54F93}
		{0B836958-EE66-41C2-B9C8-D39625FB0DC0} = {56E5A448-8345-4CD3-90D9-2293D908D524}
	EndGlobalSection
	GlobalSection(ExtensibilityGlobals) = postSolution
		SolutionGuid = {FFCAE6C8-ED81-4107-B6D0-1645E0748109}
	EndGlobalSection
EndGlobal
